{
  "name": "htmx-jinja-example",
  "version": "0.0.0",
  "lockfileVersion": 3,
  "requires": true,
  "packages": {
    "": {
      "name": "htmx-jinja-example",
      "version": "0.0.0",
      "dependencies": {
        "@db-ux/wc-core-components": "4.9.0-stencil-bundle-ad37ca4",
        "htmx.org": "^2"
      }
    },
    "node_modules/@db-ux/core-components": {
      "version": "4.9.0-stencil-bundle-ad37ca4",
      "resolved": "https://registry.npmjs.org/@db-ux/core-components/-/core-components-4.9.0-stencil-bundle-ad37ca4.tgz",
      "integrity": "sha512-SVpprtibSBVXNKjCMiFYIONoFedUeip+GTPdQfZACbN55GyRdqX0eNApl5JXH9Xn26T5RWkRHSw0NLKzbzIOlA==",
      "license": "Apache-2.0",
      "dependencies": {
        "@db-ux/core-foundations": "4.9.0-stencil-bundle-ad37ca4"
      }
    },
    "node_modules/@db-ux/core-foundations": {
      "version": "4.9.0-stencil-bundle-ad37ca4",
      "resolved": "https://registry.npmjs.org/@db-ux/core-foundations/-/core-foundations-4.9.0-stencil-bundle-ad37ca4.tgz",
      "integrity": "sha512-aLIUfqGZOrI44eZCW3DRDp3vz76WO0ciW7EEyIBju6mGx7LSFdtl6VMSwCIEWCVQ1lVAANM/q4AWViHM2aDsRw==",
      "license": "Apache-2.0"
    },
    "node_modules/@db-ux/wc-core-components": {
      "version": "4.9.0-stencil-bundle-ad37ca4",
      "resolved": "https://registry.npmjs.org/@db-ux/wc-core-components/-/wc-core-components-4.9.0-stencil-bundle-ad37ca4.tgz",
      "integrity": "sha512-YJw5ZDZdeHqiDrXPmzkWuzcKRo5iLybAJogdWe4BZDP4stKpCMJ49lcOPMLzaZEqvjDZgqc+p1GYy4pK/zxFuQ==",
      "license": "Apache-2.0",
      "dependencies": {
        "@db-ux/core-components": "4.9.0-stencil-bundle-ad37ca4",
        "@db-ux/core-foundations": "4.9.0-stencil-bundle-ad37ca4"
      }
    },
    "node_modules/htmx.org": {
      "version": "2.0.10",
      "resolved": "https://registry.npmjs.org/htmx.org/-/htmx.org-2.0.10.tgz",
      "integrity": "sha512-kdeJe7ZVwaS6QMz/ebBIVtZdpwen6L0OQ5GOhPV9MKBb196TCZeZu4yA7ZIQsaLKv7EpXz+So7KSXNuHXhj7Cw==",
      "license": "0BSD"
    }
  }
}
